{
  "nodes": {
    "devenv": {
      "locked": {
        "dir": "src/modules",
        "lastModified": 1788050520,
        "narHash": "sha256-4KWBdIfMMefwjl1o9RJuEX0P7TeLwt1X/4U2PP33Auk=",
        "owner": "cachix",
        "repo": "devenv",
        "rev": "cb8246be6bf9813ea5584e1f01ae08b4a292b90d",
        "type": "github"
      },
      "original": {
        "dir": "src/modules",
        "owner": "cachix",
        "repo": "devenv",
        "type": "github"
      }
    },
    "nixpkgs": {
      "inputs": {
        "nixpkgs-src": "nixpkgs-src"
      },
      "locked": {
        "lastModified": 1787753358,
        "narHash": "sha256-Tl77VbWyAKrOfRNQhL6JbQtb/MLzbYa/1RG1gWWfICk=",
        "owner": "cachix",
        "repo": "devenv-nixpkgs",
        "rev": "256551e45f6303e142ab4a98be1bf243feb77dc0",
        "type": "github"
      },
      "original": {
        "owner": "cachix",
        "ref": "rolling",
        "repo": "devenv-nixpkgs",
        "type": "github"
      }
    },
    "nixpkgs-23_05": {
      "locked": {
        "lastModified": 1705033721,
        "narHash": "sha256-K5eJHmL1/kev6WuqyqqbS1cdNnSidIZ3jeqJ7GbrYnQ=",
        "owner": "nixos",
        "repo": "nixpkgs",
        "rev": "a1982c92d8980a0114372973cbdfe0a307f1bdea",
        "type": "github"
      },
      "original": {
        "owner": "nixos",
        "ref": "nixos-23.05-small",
        "repo": "nixpkgs",
        "type": "github"
      }
    },
    "nixpkgs-24_05": {
      "locked": {
        "lastModified": 1735651292,
        "narHash": "sha256-YLbzcBtYo1/FEzFsB3AnM16qFc6fWPMIoOuSoDwvg9g=",
        "owner": "nixos",
        "repo": "nixpkgs",
        "rev": "0da3c44a9460a26d2025ec3ed2ec60a895eb1114",
        "type": "github"
      },
      "original": {
        "owner": "nixos",
        "ref": "nixos-24.05-small",
        "repo": "nixpkgs",
        "type": "github"
      }
    },
    "nixpkgs-src": {
      "flake": false,
      "locked": {
        "lastModified": 1787394516,
        "narHash": "sha256-pRGOQSClnXNI2iLUG6DYpsGvYcuw0drOutVZFTJNw90=",
        "owner": "NixOS",
        "repo": "nixpkgs",
        "rev": "c8f90650c15282fa8656a041bfbbd2403997a9a7",
        "type": "github"
      },
      "original": {
        "owner": "NixOS",
        "ref": "nixpkgs-unstable",
        "repo": "nixpkgs",
        "type": "github"
      }
    },
    "nixpkgs-terraform": {
      "inputs": {
        "nixpkgs": "nixpkgs_2",
        "nixpkgs-23_05": "nixpkgs-23_05",
        "nixpkgs-24_05": "nixpkgs-24_05",
        "systems": "systems"
      },
      "locked": {
        "lastModified": 1782141438,
        "narHash": "sha256-a/jocK29wq3Q8lwKRrKkCtnkGxBYkKn41xEZIe02oyY=",
        "owner": "stackbuilders",
        "repo": "nixpkgs-terraform",
        "rev": "8c3cbec3f28210391478acb808c3917d77c8a73b",
        "type": "github"
      },
      "original": {
        "owner": "stackbuilders",
        "repo": "nixpkgs-terraform",
        "type": "github"
      }
    },
    "nixpkgs_2": {
      "locked": {
        "lastModified": 1781607440,
        "narHash": "sha256-rxO+uc/KFbSJp+pgyXRuAX6QlG9hJdnt0BXpEQRXY+U=",
        "owner": "nixos",
        "repo": "nixpkgs",
        "rev": "3e41b24abd260e8f71dbe2f5737d24122f972158",
        "type": "github"
      },
      "original": {
        "owner": "nixos",
        "ref": "nixpkgs-unstable",
        "repo": "nixpkgs",
        "type": "github"
      }
    },
    "root": {
      "inputs": {
        "devenv": "devenv",
        "nixpkgs": "nixpkgs",
        "nixpkgs-terraform": "nixpkgs-terraform"
      }
    },
    "systems": {
      "locked": {
        "lastModified": 1681028828,
        "narHash": "sha256-Vy1rq5AaRuLzOxct8nz4T6wlgyUR7zLU309k9mBC768=",
        "owner": "nix-systems",
        "repo": "default",
        "rev": "da67096a3b9bf56a91d16901293e51ba5b49a27e",
        "type": "github"
      },
      "original": {
        "owner": "nix-systems",
        "repo": "default",
        "type": "github"
      }
    }
  },
  "root": "root",
  "version": 7
}