dependencies:
- name: grafana
  repository: https://grafana-community.github.io/helm-charts
  version: 13.2.7
- name: opentelemetry-collector
  repository: https://open-telemetry.github.io/opentelemetry-helm-charts
  version: 0.174.0
digest: sha256:4838f7e90aee62de4af4124087b303fb5c8f7fd3f82bae8273f188321f8a4175
generated: "2026-10-07T00:30:55.510359754-04:00"
